
Microsoft Visual Studio Solution File, Format Version 12.00
# Visual Studio Version 17
VisualStudioVersion = 17.2.32630.192
MinimumVisualStudioVersion = 10.0.40219.1
Project("{9A19103F-16F7-4668-BE54-9A1E7A4F7556}") = "FrontTest", "FrontTest.csproj", "{C483580F-A786-4E62-BA83-C803D92A794D}"
EndProject
Project("{E53339B2-1760-4266-BCC7-CA923CBCF16C}") = "docker-compose", "docker-compose.dcproj", "{1919054E-D6EB-43F7-85D2-55851CF56490}"
EndProject
Global
	GlobalSection(SolutionConfigurationPlatforms) = preSolution
		Debug|Any CPU = Debug|Any CPU
		Release|Any CPU = Release|Any CPU
	EndGlobalSection
	GlobalSection(ProjectConfigurationPlatforms) = postSolution
		{C483580F-A786-4E62-BA83-C803D92A794D}.Debug|Any CPU.ActiveCfg = Debug|Any CPU
		{C483580F-A786-4E62-BA83-C803D92A794D}.Debug|Any CPU.Build.0 = Debug|Any CPU
		{C483580F-A786-4E62-BA83-C803D92A794D}.Release|Any CPU.ActiveCfg = Release|Any CPU
		{C483580F-A786-4E62-BA83-C803D92A794D}.Release|Any CPU.Build.0 = Release|Any CPU
		{1919054E-D6EB-43F7-85D2-55851CF56490}.Debug|Any CPU.ActiveCfg = Debug|Any CPU
		{1919054E-D6EB-43F7-85D2-55851CF56490}.Debug|Any CPU.Build.0 = Debug|Any CPU
		{1919054E-D6EB-43F7-85D2-55851CF56490}.Release|Any CPU.ActiveCfg = Release|Any CPU
		{1919054E-D6EB-43F7-85D2-55851CF56490}.Release|Any CPU.Build.0 = Release|Any CPU
	EndGlobalSection
	GlobalSection(SolutionProperties) = preSolution
		HideSolutionNode = FALSE
	EndGlobalSection
	GlobalSection(ExtensibilityGlobals) = postSolution
		SolutionGuid = {D356A441-7603-4DBF-B9B3-B2E4DC18655A}
	EndGlobalSection
EndGlobal
